
Microsoft Visual Studio Solution File, Format Version 12.00
# Visual Studio Version 16
VisualStudioVersion = 16.0.29609.76
MinimumVisualStudioVersion = 10.0.40219.1
Project("{9A19103F-16F7-4668-BE54-9A1E7A4F7556}") = "SentimentAnalyzer", "MLDemo\SentimentAnalyzer.csproj", "{DABE8D0B-88BB-41F6-BF86-573C3E4CD296}"
EndProject
Global
	GlobalSection(SolutionConfigurationPlatforms) = preSolution
		Debug|Any CPU = Debug|Any CPU
		Release|Any CPU = Release|Any CPU
	EndGlobalSection
	GlobalSection(ProjectConfigurationPlatforms) = postSolution
		{DABE8D0B-88BB-41F6-BF86-573C3E4CD296}.Debug|Any CPU.ActiveCfg = Debug|Any CPU
		{DABE8D0B-88BB-41F6-BF86-573C3E4CD296}.Debug|Any CPU.Build.0 = Debug|Any CPU
		{DABE8D0B-88BB-41F6-BF86-573C3E4CD296}.Release|Any CPU.ActiveCfg = Release|Any CPU
		{DABE8D0B-88BB-41F6-BF86-573C3E4CD296}.Release|Any CPU.Build.0 = Release|Any CPU
	EndGlobalSection
	GlobalSection(SolutionProperties) = preSolution
		HideSolutionNode = FALSE
	EndGlobalSection
	GlobalSection(ExtensibilityGlobals) = postSolution
		SolutionGuid = {E8B01288-41B4-4DD8-BA88-246A34678054}
	EndGlobalSection
EndGlobal
